{
  "name": "xstate-form-validation",
  "version": "0.0.6",
  "lockfileVersion": 1,
  "requires": true,
  "dependencies": {
    "fsevents": {
      "version": "2.3.2",
      "resolved": "https://registry.npmjs.org/fsevents/-/fsevents-2.3.2.tgz",
      "integrity": "sha512-xiqMQR4xAeHTuB9uWm+fFRcIOgKBMiOBP+eXiyT7jsgVCq1bkVygt00oASowB7EdtpOHaaPgKt812P9ab+DDKA==",
      "dev": true,
      "optional": true
    },
    "rollup": {
      "version": "2.48.0",
      "resolved": "https://registry.npmjs.org/rollup/-/rollup-2.48.0.tgz",
      "integrity": "sha512-wl9ZSSSsi5579oscSDYSzGn092tCS076YB+TQrzsGuSfYyJeep8eEWj0eaRjuC5McuMNmcnR8icBqiE/FWNB1A==",
      "dev": true,
      "requires": {
        "fsevents": "~2.3.1"
      }
    },
    "xstate": {
      "version": "4.17.1",
      "resolved": "https://registry.npmjs.org/xstate/-/xstate-4.17.1.tgz",
      "integrity": "sha512-3q7so9qAKFnz9/t7BNQXQtV+9fwDATCOkC+0tAvVqczboEbu6gz2dvPPVCCkj55Hyzgro9aSOntGSPGLei82BA=="
    }
  }
}
